
Microsoft Visual Studio Solution File, Format Version 12.00
# Visual Studio Version 17
VisualStudioVersion = 17.0.31903.59
MinimumVisualStudioVersion = 10.0.40219.1
Project("{2150E333-8FDC-42A3-9474-1A3956D46DE8}") = "Source", "Source", "{B8EFCA5F-814F-285C-A8CB-F00F14650265}"
EndProject
Project("{FAE04EC0-301F-11D3-BF4B-00C04F79EFBC}") = "LicorpExportPlus.R20", "Source\LicorpExportPlus.R20\LicorpExportPlus.R20.csproj", "{12A59C91-00C7-472D-9AA7-D8B35C86F2FE}"
EndProject
Project("{FAE04EC0-301F-11D3-BF4B-00C04F79EFBC}") = "LicorpExportPlus.R25", "Source\LicorpExportPlus.R25\LicorpExportPlus.R25.csproj", "{23021383-CC7B-47BD-8E19-80D818C74364}"
EndProject
Project("{FAE04EC0-301F-11D3-BF4B-00C04F79EFBC}") = "LicorpExportPlus.R27", "Source\LicorpExportPlus.R27\LicorpExportPlus.R27.csproj", "{CC520538-6425-4259-ACBB-3505E1718BF1}"
EndProject
Project("{FAE04EC0-301F-11D3-BF4B-00C04F79EFBC}") = "LicorpExportPlus.Tests", "Source\LicorpExportPlus.Tests\LicorpExportPlus.Tests.csproj", "{07326296-51B7-4753-8ABD-3CB5E7AC71FA}"
EndProject
Project("{FAE04EC0-301F-11D3-BF4B-00C04F79EFBC}") = "LicorpExportPlus.RevitTests.R20", "Source\LicorpExportPlus.RevitTests.R20\LicorpExportPlus.RevitTests.R20.csproj", "{BE4AF41E-18AA-41D6-BFE3-4480E25CBB46}"
EndProject
Project("{FAE04EC0-301F-11D3-BF4B-00C04F79EFBC}") = "LicorpExportPlus.RevitTests.R25", "Source\LicorpExportPlus.RevitTests.R25\LicorpExportPlus.RevitTests.R25.csproj", "{14E6F07F-AF32-4C39-8950-09ACF583CD73}"
EndProject
Project("{FAE04EC0-301F-11D3-BF4B-00C04F79EFBC}") = "LicorpExportPlus.RevitTests.R27", "Source\LicorpExportPlus.RevitTests.R27\LicorpExportPlus.RevitTests.R27.csproj", "{03A25148-590C-48FA-B9FF-634E60C2CAE4}"
EndProject
Global
	GlobalSection(SolutionConfigurationPlatforms) = preSolution
		Debug|Any CPU = Debug|Any CPU
		Debug|x64 = Debug|x64
		Debug|x86 = Debug|x86
		Release|Any CPU = Release|Any CPU
		Release|x64 = Release|x64
		Release|x86 = Release|x86
	EndGlobalSection
	GlobalSection(ProjectConfigurationPlatforms) = postSolution
		{12A59C91-00C7-472D-9AA7-D8B35C86F2FE}.Debug|Any CPU.ActiveCfg = Debug|Any CPU
		{12A59C91-00C7-472D-9AA7-D8B35C86F2FE}.Debug|Any CPU.Build.0 = Debug|Any CPU
		{12A59C91-00C7-472D-9AA7-D8B35C86F2FE}.Debug|x64.ActiveCfg = Debug|Any CPU
		{12A59C91-00C7-472D-9AA7-D8B35C86F2FE}.Debug|x64.Build.0 = Debug|Any CPU
		{12A59C91-00C7-472D-9AA7-D8B35C86F2FE}.Debug|x86.ActiveCfg = Debug|Any CPU
		{12A59C91-00C7-472D-9AA7-D8B35C86F2FE}.Debug|x86.Build.0 = Debug|Any CPU
		{12A59C91-00C7-472D-9AA7-D8B35C86F2FE}.Release|Any CPU.ActiveCfg = Release|Any CPU
		{12A59C91-00C7-472D-9AA7-D8B35C86F2FE}.Release|Any CPU.Build.0 = Release|Any CPU
		{12A59C91-00C7-472D-9AA7-D8B35C86F2FE}.Release|x64.ActiveCfg = Release|Any CPU
		{12A59C91-00C7-472D-9AA7-D8B35C86F2FE}.Release|x64.Build.0 = Release|Any CPU
		{12A59C91-00C7-472D-9AA7-D8B35C86F2FE}.Release|x86.ActiveCfg = Release|Any CPU
		{12A59C91-00C7-472D-9AA7-D8B35C86F2FE}.Release|x86.Build.0 = Release|Any CPU
		{23021383-CC7B-47BD-8E19-80D818C74364}.Debug|Any CPU.ActiveCfg = Debug|Any CPU
		{23021383-CC7B-47BD-8E19-80D818C74364}.Debug|Any CPU.Build.0 = Debug|Any CPU
		{23021383-CC7B-47BD-8E19-80D818C74364}.Debug|x64.ActiveCfg = Debug|Any CPU
		{23021383-CC7B-47BD-8E19-80D818C74364}.Debug|x64.Build.0 = Debug|Any CPU
		{23021383-CC7B-47BD-8E19-80D818C74364}.Debug|x86.ActiveCfg = Debug|Any CPU
		{23021383-CC7B-47BD-8E19-80D818C74364}.Debug|x86.Build.0 = Debug|Any CPU
		{23021383-CC7B-47BD-8E19-80D818C74364}.Release|Any CPU.ActiveCfg = Release|Any CPU
		{23021383-CC7B-47BD-8E19-80D818C74364}.Release|Any CPU.Build.0 = Release|Any CPU
		{23021383-CC7B-47BD-8E19-80D818C74364}.Release|x64.ActiveCfg = Release|Any CPU
		{23021383-CC7B-47BD-8E19-80D818C74364}.Release|x64.Build.0 = Release|Any CPU
		{23021383-CC7B-47BD-8E19-80D818C74364}.Release|x86.ActiveCfg = Release|Any CPU
		{23021383-CC7B-47BD-8E19-80D818C74364}.Release|x86.Build.0 = Release|Any CPU
		{CC520538-6425-4259-ACBB-3505E1718BF1}.Debug|Any CPU.ActiveCfg = Debug|Any CPU
		{CC520538-6425-4259-ACBB-3505E1718BF1}.Debug|Any CPU.Build.0 = Debug|Any CPU
		{CC520538-6425-4259-ACBB-3505E1718BF1}.Debug|x64.ActiveCfg = Debug|Any CPU
		{CC520538-6425-4259-ACBB-3505E1718BF1}.Debug|x64.Build.0 = Debug|Any CPU
		{CC520538-6425-4259-ACBB-3505E1718BF1}.Debug|x86.ActiveCfg = Debug|Any CPU
		{CC520538-6425-4259-ACBB-3505E1718BF1}.Debug|x86.Build.0 = Debug|Any CPU
		{CC520538-6425-4259-ACBB-3505E1718BF1}.Release|Any CPU.ActiveCfg = Release|Any CPU
		{CC520538-6425-4259-ACBB-3505E1718BF1}.Release|Any CPU.Build.0 = Release|Any CPU
		{CC520538-6425-4259-ACBB-3505E1718BF1}.Release|x64.ActiveCfg = Release|Any CPU
		{CC520538-6425-4259-ACBB-3505E1718BF1}.Release|x64.Build.0 = Release|Any CPU
		{CC520538-6425-4259-ACBB-3505E1718BF1}.Release|x86.ActiveCfg = Release|Any CPU
		{CC520538-6425-4259-ACBB-3505E1718BF1}.Release|x86.Build.0 = Release|Any CPU
		{07326296-51B7-4753-8ABD-3CB5E7AC71FA}.Debug|Any CPU.ActiveCfg = Debug|Any CPU
		{07326296-51B7-4753-8ABD-3CB5E7AC71FA}.Debug|Any CPU.Build.0 = Debug|Any CPU
		{07326296-51B7-4753-8ABD-3CB5E7AC71FA}.Debug|x64.ActiveCfg = Debug|Any CPU
		{07326296-51B7-4753-8ABD-3CB5E7AC71FA}.Debug|x64.Build.0 = Debug|Any CPU
		{07326296-51B7-4753-8ABD-3CB5E7AC71FA}.Debug|x86.ActiveCfg = Debug|Any CPU
		{07326296-51B7-4753-8ABD-3CB5E7AC71FA}.Debug|x86.Build.0 = Debug|Any CPU
		{07326296-51B7-4753-8ABD-3CB5E7AC71FA}.Release|Any CPU.ActiveCfg = Release|Any CPU
		{07326296-51B7-4753-8ABD-3CB5E7AC71FA}.Release|Any CPU.Build.0 = Release|Any CPU
		{07326296-51B7-4753-8ABD-3CB5E7AC71FA}.Release|x64.ActiveCfg = Release|Any CPU
		{07326296-51B7-4753-8ABD-3CB5E7AC71FA}.Release|x64.Build.0 = Release|Any CPU
		{07326296-51B7-4753-8ABD-3CB5E7AC71FA}.Release|x86.ActiveCfg = Release|Any CPU
		{07326296-51B7-4753-8ABD-3CB5E7AC71FA}.Release|x86.Build.0 = Release|Any CPU
		{BE4AF41E-18AA-41D6-BFE3-4480E25CBB46}.Debug|Any CPU.ActiveCfg = Debug|Any CPU
		{BE4AF41E-18AA-41D6-BFE3-4480E25CBB46}.Debug|Any CPU.Build.0 = Debug|Any CPU
		{BE4AF41E-18AA-41D6-BFE3-4480E25CBB46}.Debug|x64.ActiveCfg = Debug|Any CPU
		{BE4AF41E-18AA-41D6-BFE3-4480E25CBB46}.Debug|x64.Build.0 = Debug|Any CPU
		{BE4AF41E-18AA-41D6-BFE3-4480E25CBB46}.Debug|x86.ActiveCfg = Debug|Any CPU
		{BE4AF41E-18AA-41D6-BFE3-4480E25CBB46}.Debug|x86.Build.0 = Debug|Any CPU
		{BE4AF41E-18AA-41D6-BFE3-4480E25CBB46}.Release|Any CPU.ActiveCfg = Release|Any CPU
		{BE4AF41E-18AA-41D6-BFE3-4480E25CBB46}.Release|Any CPU.Build.0 = Release|Any CPU
		{BE4AF41E-18AA-41D6-BFE3-4480E25CBB46}.Release|x64.ActiveCfg = Release|Any CPU
		{BE4AF41E-18AA-41D6-BFE3-4480E25CBB46}.Release|x64.Build.0 = Release|Any CPU
		{BE4AF41E-18AA-41D6-BFE3-4480E25CBB46}.Release|x86.ActiveCfg = Release|Any CPU
		{BE4AF41E-18AA-41D6-BFE3-4480E25CBB46}.Release|x86.Build.0 = Release|Any CPU
		{14E6F07F-AF32-4C39-8950-09ACF583CD73}.Debug|Any CPU.ActiveCfg = Debug|Any CPU
		{14E6F07F-AF32-4C39-8950-09ACF583CD73}.Debug|Any CPU.Build.0 = Debug|Any CPU
		{14E6F07F-AF32-4C39-8950-09ACF583CD73}.Debug|x64.ActiveCfg = Debug|Any CPU
		{14E6F07F-AF32-4C39-8950-09ACF583CD73}.Debug|x64.Build.0 = Debug|Any CPU
		{14E6F07F-AF32-4C39-8950-09ACF583CD73}.Debug|x86.ActiveCfg = Debug|Any CPU
		{14E6F07F-AF32-4C39-8950-09ACF583CD73}.Debug|x86.Build.0 = Debug|Any CPU
		{14E6F07F-AF32-4C39-8950-09ACF583CD73}.Release|Any CPU.ActiveCfg = Release|Any CPU
		{14E6F07F-AF32-4C39-8950-09ACF583CD73}.Release|Any CPU.Build.0 = Release|Any CPU
		{14E6F07F-AF32-4C39-8950-09ACF583CD73}.Release|x64.ActiveCfg = Release|Any CPU
		{14E6F07F-AF32-4C39-8950-09ACF583CD73}.Release|x64.Build.0 = Release|Any CPU
		{14E6F07F-AF32-4C39-8950-09ACF583CD73}.Release|x86.ActiveCfg = Release|Any CPU
		{14E6F07F-AF32-4C39-8950-09ACF583CD73}.Release|x86.Build.0 = Release|Any CPU
		{03A25148-590C-48FA-B9FF-634E60C2CAE4}.Debug|Any CPU.ActiveCfg = Debug|Any CPU
		{03A25148-590C-48FA-B9FF-634E60C2CAE4}.Debug|Any CPU.Build.0 = Debug|Any CPU
		{03A25148-590C-48FA-B9FF-634E60C2CAE4}.Debug|x64.ActiveCfg = Debug|Any CPU
		{03A25148-590C-48FA-B9FF-634E60C2CAE4}.Debug|x64.Build.0 = Debug|Any CPU
		{03A25148-590C-48FA-B9FF-634E60C2CAE4}.Debug|x86.ActiveCfg = Debug|Any CPU
		{03A25148-590C-48FA-B9FF-634E60C2CAE4}.Debug|x86.Build.0 = Debug|Any CPU
		{03A25148-590C-48FA-B9FF-634E60C2CAE4}.Release|Any CPU.ActiveCfg = Release|Any CPU
		{03A25148-590C-48FA-B9FF-634E60C2CAE4}.Release|Any CPU.Build.0 = Release|Any CPU
		{03A25148-590C-48FA-B9FF-634E60C2CAE4}.Release|x64.ActiveCfg = Release|Any CPU
		{03A25148-590C-48FA-B9FF-634E60C2CAE4}.Release|x64.Build.0 = Release|Any CPU
		{03A25148-590C-48FA-B9FF-634E60C2CAE4}.Release|x86.ActiveCfg = Release|Any CPU
		{03A25148-590C-48FA-B9FF-634E60C2CAE4}.Release|x86.Build.0 = Release|Any CPU
	EndGlobalSection
	GlobalSection(SolutionProperties) = preSolution
		HideSolutionNode = FALSE
	EndGlobalSection
	GlobalSection(NestedProjects) = preSolution
		{12A59C91-00C7-472D-9AA7-D8B35C86F2FE} = {B8EFCA5F-814F-285C-A8CB-F00F14650265}
		{23021383-CC7B-47BD-8E19-80D818C74364} = {B8EFCA5F-814F-285C-A8CB-F00F14650265}
		{CC520538-6425-4259-ACBB-3505E1718BF1} = {B8EFCA5F-814F-285C-A8CB-F00F14650265}
		{07326296-51B7-4753-8ABD-3CB5E7AC71FA} = {B8EFCA5F-814F-285C-A8CB-F00F14650265}
		{BE4AF41E-18AA-41D6-BFE3-4480E25CBB46} = {B8EFCA5F-814F-285C-A8CB-F00F14650265}
		{14E6F07F-AF32-4C39-8950-09ACF583CD73} = {B8EFCA5F-814F-285C-A8CB-F00F14650265}
		{03A25148-590C-48FA-B9FF-634E60C2CAE4} = {B8EFCA5F-814F-285C-A8CB-F00F14650265}
	EndGlobalSection
EndGlobal
